# THIS IS AN AUTOGENERATED FILE. DO NOT EDIT THIS FILE DIRECTLY.
# yarn lockfile v1


nztm@^1.0.4:
  version "1.0.4"
  resolved "https://registry.yarnpkg.com/nztm/-/nztm-1.0.4.tgz#c396d2a243acf9170d8c1574262445ca810d478d"
  integrity sha512-ywHA3WuEKLYxoU9U1wYytc54SAjPx4qkcakEsNQwRuXmNFGWc7om3C/pMUKJgUSIAsUkmif1OlDP1benGH5Smg==
